
Microsoft Visual Studio Solution File, Format Version 12.00
# Visual Studio 15
VisualStudioVersion = 15.0.28010.2036
MinimumVisualStudioVersion = 10.0.40219.1
Project("{FAE04EC0-301F-11D3-BF4B-00C04F79EFBC}") = "les Git 17102018", "les Git 17102018\les Git 17102018.csproj", "{69E1DFBB-97BD-4A56-AD1B-7AFA2D736524}"
EndProject
Global
	GlobalSection(SolutionConfigurationPlatforms) = preSolution
		Debug|Any CPU = Debug|Any CPU
		Release|Any CPU = Release|Any CPU
	EndGlobalSection
	GlobalSection(ProjectConfigurationPlatforms) = postSolution
		{69E1DFBB-97BD-4A56-AD1B-7AFA2D736524}.Debug|Any CPU.ActiveCfg = Debug|Any CPU
		{69E1DFBB-97BD-4A56-AD1B-7AFA2D736524}.Debug|Any CPU.Build.0 = Debug|Any CPU
		{69E1DFBB-97BD-4A56-AD1B-7AFA2D736524}.Release|Any CPU.ActiveCfg = Release|Any CPU
		{69E1DFBB-97BD-4A56-AD1B-7AFA2D736524}.Release|Any CPU.Build.0 = Release|Any CPU
	EndGlobalSection
	GlobalSection(SolutionProperties) = preSolution
		HideSolutionNode = FALSE
	EndGlobalSection
	GlobalSection(ExtensibilityGlobals) = postSolution
		SolutionGuid = {A54C66FE-29AA-415D-8A0E-21BCD8BAD498}
	EndGlobalSection
EndGlobal
